
Microsoft Visual Studio Solution File, Format Version 12.00
# Visual Studio Version 17
VisualStudioVersion = 17.9.34714.143
MinimumVisualStudioVersion = 10.0.40219.1
Project("{FAE04EC0-301F-11D3-BF4B-00C04F79EFBC}") = "Ebae", "Ebae\Ebae.csproj", "{EDE0C071-585D-4E2F-952F-95BC2D94A824}"
EndProject
Global
	GlobalSection(SolutionConfigurationPlatforms) = preSolution
		Debug|Any CPU = Debug|Any CPU
		Debug|x64 = Debug|x64
		Release|Any CPU = Release|Any CPU
		Release|x64 = Release|x64
	EndGlobalSection
	GlobalSection(ProjectConfigurationPlatforms) = postSolution
		{EDE0C071-585D-4E2F-952F-95BC2D94A824}.Debug|Any CPU.ActiveCfg = Debug|Any CPU
		{EDE0C071-585D-4E2F-952F-95BC2D94A824}.Debug|Any CPU.Build.0 = Debug|Any CPU
		{EDE0C071-585D-4E2F-952F-95BC2D94A824}.Debug|x64.ActiveCfg = Debug|x64
		{EDE0C071-585D-4E2F-952F-95BC2D94A824}.Debug|x64.Build.0 = Debug|x64
		{EDE0C071-585D-4E2F-952F-95BC2D94A824}.Release|Any CPU.ActiveCfg = Release|Any CPU
		{EDE0C071-585D-4E2F-952F-95BC2D94A824}.Release|Any CPU.Build.0 = Release|Any CPU
		{EDE0C071-585D-4E2F-952F-95BC2D94A824}.Release|x64.ActiveCfg = Release|x64
		{EDE0C071-585D-4E2F-952F-95BC2D94A824}.Release|x64.Build.0 = Release|x64
	EndGlobalSection
	GlobalSection(SolutionProperties) = preSolution
		HideSolutionNode = FALSE
	EndGlobalSection
	GlobalSection(ExtensibilityGlobals) = postSolution
		SolutionGuid = {46F83DB0-6C78-46CB-AAC7-49EA6C41DADE}
	EndGlobalSection
EndGlobal
